
Microsoft Visual Studio Solution File, Format Version 12.00
# Visual Studio Version 16
VisualStudioVersion = 16.0.29806.167
MinimumVisualStudioVersion = 10.0.40219.1
Project("{FAE04EC0-301F-11D3-BF4B-00C04F79EFBC}") = "mon-app1", "mon-app1\mon-app1.csproj", "{511EF998-23E3-45B0-B84F-EE582F223049}"
EndProject
Global
	GlobalSection(SolutionConfigurationPlatforms) = preSolution
		Debug|Any CPU = Debug|Any CPU
		Release|Any CPU = Release|Any CPU
	EndGlobalSection
	GlobalSection(ProjectConfigurationPlatforms) = postSolution
		{511EF998-23E3-45B0-B84F-EE582F223049}.Debug|Any CPU.ActiveCfg = Debug|Any CPU
		{511EF998-23E3-45B0-B84F-EE582F223049}.Debug|Any CPU.Build.0 = Debug|Any CPU
		{511EF998-23E3-45B0-B84F-EE582F223049}.Release|Any CPU.ActiveCfg = Release|Any CPU
		{511EF998-23E3-45B0-B84F-EE582F223049}.Release|Any CPU.Build.0 = Release|Any CPU
	EndGlobalSection
	GlobalSection(SolutionProperties) = preSolution
		HideSolutionNode = FALSE
	EndGlobalSection
	GlobalSection(ExtensibilityGlobals) = postSolution
		SolutionGuid = {1724A429-2978-4AC6-8C23-887ED90F751F}
	EndGlobalSection
EndGlobal
